
Microsoft Visual Studio Solution File, Format Version 12.00
# Visual Studio Version 17
VisualStudioVersion = 17.5.33627.172
MinimumVisualStudioVersion = 10.0.40219.1
Project("{9A19103F-16F7-4668-BE54-9A1E7A4F7556}") = "Services.WebApi", "Services.WebApi\Services.WebApi.csproj", "{C0EC606A-9386-4366-AB04-0D2DF8F3FB99}"
EndProject
Project("{2150E333-8FDC-42A3-9474-1A3956D46DE8}") = "RabbitMQ", "RabbitMQ", "{0DC6FA99-D9DF-4BC1-96B7-E5B66E17D3FE}"
EndProject
Project("{FAE04EC0-301F-11D3-BF4B-00C04F79EFBC}") = "Services.RabbitMQ.Consumer", "RabbitMQ\Services.RabbitMQ.Consumer\Services.RabbitMQ.Consumer.csproj", "{109D589F-B803-451E-8372-D9B54AAB234E}"
EndProject
Project("{FAE04EC0-301F-11D3-BF4B-00C04F79EFBC}") = "Services.RabbitMQ.Producer", "RabbitMQ\Services.RabbitMQ.Producer\Services.RabbitMQ.Producer.csproj", "{53BABF84-442E-472F-82FC-13868A3E3A2A}"
EndProject
Global
	GlobalSection(SolutionConfigurationPlatforms) = preSolution
		Debug|Any CPU = Debug|Any CPU
		Release|Any CPU = Release|Any CPU
	EndGlobalSection
	GlobalSection(ProjectConfigurationPlatforms) = postSolution
		{C0EC606A-9386-4366-AB04-0D2DF8F3FB99}.Debug|Any CPU.ActiveCfg = Debug|Any CPU
		{C0EC606A-9386-4366-AB04-0D2DF8F3FB99}.Debug|Any CPU.Build.0 = Debug|Any CPU
		{C0EC606A-9386-4366-AB04-0D2DF8F3FB99}.Release|Any CPU.ActiveCfg = Release|Any CPU
		{C0EC606A-9386-4366-AB04-0D2DF8F3FB99}.Release|Any CPU.Build.0 = Release|Any CPU
		{109D589F-B803-451E-8372-D9B54AAB234E}.Debug|Any CPU.ActiveCfg = Debug|Any CPU
		{109D589F-B803-451E-8372-D9B54AAB234E}.Debug|Any CPU.Build.0 = Debug|Any CPU
		{109D589F-B803-451E-8372-D9B54AAB234E}.Release|Any CPU.ActiveCfg = Release|Any CPU
		{109D589F-B803-451E-8372-D9B54AAB234E}.Release|Any CPU.Build.0 = Release|Any CPU
		{53BABF84-442E-472F-82FC-13868A3E3A2A}.Debug|Any CPU.ActiveCfg = Debug|Any CPU
		{53BABF84-442E-472F-82FC-13868A3E3A2A}.Debug|Any CPU.Build.0 = Debug|Any CPU
		{53BABF84-442E-472F-82FC-13868A3E3A2A}.Release|Any CPU.ActiveCfg = Release|Any CPU
		{53BABF84-442E-472F-82FC-13868A3E3A2A}.Release|Any CPU.Build.0 = Release|Any CPU
	EndGlobalSection
	GlobalSection(SolutionProperties) = preSolution
		HideSolutionNode = FALSE
	EndGlobalSection
	GlobalSection(NestedProjects) = preSolution
		{109D589F-B803-451E-8372-D9B54AAB234E} = {0DC6FA99-D9DF-4BC1-96B7-E5B66E17D3FE}
		{53BABF84-442E-472F-82FC-13868A3E3A2A} = {0DC6FA99-D9DF-4BC1-96B7-E5B66E17D3FE}
	EndGlobalSection
	GlobalSection(ExtensibilityGlobals) = postSolution
		SolutionGuid = {B961B2A8-18CD-4F29-9B3B-0F5DDC97DC2D}
	EndGlobalSection
EndGlobal
